
Microsoft Visual Studio Solution File, Format Version 12.00
# Visual Studio 15
Project("{FAE04EC0-301F-11D3-BF4B-00C04F79EFBC}") = "Assembly-CSharp", "Assembly-CSharp.csproj", "{923E586B-CE5A-3411-F036-206845AC4CAC}"
EndProject
Project("{FAE04EC0-301F-11D3-BF4B-00C04F79EFBC}") = "Assembly-CSharp-Editor", "Assembly-CSharp-Editor.csproj", "{0966B1E6-8AFB-2C2C-4D2E-020565367DBF}"
EndProject
Global
	GlobalSection(SolutionConfigurationPlatforms) = preSolution
		Debug|Any CPU = Debug|Any CPU
		Release|Any CPU = Release|Any CPU
	EndGlobalSection
	GlobalSection(ProjectConfigurationPlatforms) = postSolution
		{923E586B-CE5A-3411-F036-206845AC4CAC}.Debug|Any CPU.ActiveCfg = Debug|Any CPU
		{923E586B-CE5A-3411-F036-206845AC4CAC}.Debug|Any CPU.Build.0 = Debug|Any CPU
		{923E586B-CE5A-3411-F036-206845AC4CAC}.Release|Any CPU.ActiveCfg = Release|Any CPU
		{923E586B-CE5A-3411-F036-206845AC4CAC}.Release|Any CPU.Build.0 = Release|Any CPU
		{0966B1E6-8AFB-2C2C-4D2E-020565367DBF}.Debug|Any CPU.ActiveCfg = Debug|Any CPU
		{0966B1E6-8AFB-2C2C-4D2E-020565367DBF}.Debug|Any CPU.Build.0 = Debug|Any CPU
		{0966B1E6-8AFB-2C2C-4D2E-020565367DBF}.Release|Any CPU.ActiveCfg = Release|Any CPU
		{0966B1E6-8AFB-2C2C-4D2E-020565367DBF}.Release|Any CPU.Build.0 = Release|Any CPU
	EndGlobalSection
	GlobalSection(SolutionProperties) = preSolution
		HideSolutionNode = FALSE
	EndGlobalSection
EndGlobal
